
Microsoft Visual Studio Solution File, Format Version 12.00
# Visual Studio 2013
VisualStudioVersion = 12.0.40629.0
MinimumVisualStudioVersion = 10.0.40219.1
Project("{FAE04EC0-301F-11D3-BF4B-00C04F79EFBC}") = "SocialProject", "SocialProject\SocialProject.csproj", "{B6B5A846-2445-4B2A-8EF5-FEAE36B16E2B}"
EndProject
Project("{FAE04EC0-301F-11D3-BF4B-00C04F79EFBC}") = "SocialProject.DAL.Common", "SocialProject.DAL.Common\SocialProject.DAL.Common.csproj", "{13277DEA-DC7B-497F-B142-EEFB460C39E9}"
EndProject
Project("{FAE04EC0-301F-11D3-BF4B-00C04F79EFBC}") = "SocialProject.DAL.Core", "SocialProject.DAL.Core\SocialProject.DAL.Core.csproj", "{A91148E2-32F4-4CF5-AB94-0832FE943D7B}"
EndProject
Project("{FAE04EC0-301F-11D3-BF4B-00C04F79EFBC}") = "SocialProject.BLL.Common", "SocialProject.BLL.Common\SocialProject.BLL.Common.csproj", "{C4761C9C-E185-429B-A094-E921F5308490}"
EndProject
Project("{FAE04EC0-301F-11D3-BF4B-00C04F79EFBC}") = "SocialProject.BLL.Core", "SocialProject.BLL.Core\SocialProject.BLL.Core.csproj", "{2C4169CB-1DDF-4600-A51E-D6EE6735BE1C}"
EndProject
Project("{2150E333-8FDC-42A3-9474-1A3956D46DE8}") = ".nuget", ".nuget", "{7BB6A45F-C2E5-486D-B91F-333D9C192942}"
	ProjectSection(SolutionItems) = preProject
		.nuget\NuGet.Config = .nuget\NuGet.Config
		.nuget\NuGet.exe = .nuget\NuGet.exe
		.nuget\NuGet.targets = .nuget\NuGet.targets
	EndProjectSection
EndProject
Global
	GlobalSection(SolutionConfigurationPlatforms) = preSolution
		Debug|Any CPU = Debug|Any CPU
		Release|Any CPU = Release|Any CPU
	EndGlobalSection
	GlobalSection(ProjectConfigurationPlatforms) = postSolution
		{B6B5A846-2445-4B2A-8EF5-FEAE36B16E2B}.Debug|Any CPU.ActiveCfg = Debug|Any CPU
		{B6B5A846-2445-4B2A-8EF5-FEAE36B16E2B}.Debug|Any CPU.Build.0 = Debug|Any CPU
		{B6B5A846-2445-4B2A-8EF5-FEAE36B16E2B}.Release|Any CPU.ActiveCfg = Release|Any CPU
		{B6B5A846-2445-4B2A-8EF5-FEAE36B16E2B}.Release|Any CPU.Build.0 = Release|Any CPU
		{13277DEA-DC7B-497F-B142-EEFB460C39E9}.Debug|Any CPU.ActiveCfg = Debug|Any CPU
		{13277DEA-DC7B-497F-B142-EEFB460C39E9}.Debug|Any CPU.Build.0 = Debug|Any CPU
		{13277DEA-DC7B-497F-B142-EEFB460C39E9}.Release|Any CPU.ActiveCfg = Release|Any CPU
		{13277DEA-DC7B-497F-B142-EEFB460C39E9}.Release|Any CPU.Build.0 = Release|Any CPU
		{A91148E2-32F4-4CF5-AB94-0832FE943D7B}.Debug|Any CPU.ActiveCfg = Debug|Any CPU
		{A91148E2-32F4-4CF5-AB94-0832FE943D7B}.Debug|Any CPU.Build.0 = Debug|Any CPU
		{A91148E2-32F4-4CF5-AB94-0832FE943D7B}.Release|Any CPU.ActiveCfg = Release|Any CPU
		{A91148E2-32F4-4CF5-AB94-0832FE943D7B}.Release|Any CPU.Build.0 = Release|Any CPU
		{C4761C9C-E185-429B-A094-E921F5308490}.Debug|Any CPU.ActiveCfg = Debug|Any CPU
		{C4761C9C-E185-429B-A094-E921F5308490}.Debug|Any CPU.Build.0 = Debug|Any CPU
		{C4761C9C-E185-429B-A094-E921F5308490}.Release|Any CPU.ActiveCfg = Release|Any CPU
		{C4761C9C-E185-429B-A094-E921F5308490}.Release|Any CPU.Build.0 = Release|Any CPU
		{2C4169CB-1DDF-4600-A51E-D6EE6735BE1C}.Debug|Any CPU.ActiveCfg = Debug|Any CPU
		{2C4169CB-1DDF-4600-A51E-D6EE6735BE1C}.Debug|Any CPU.Build.0 = Debug|Any CPU
		{2C4169CB-1DDF-4600-A51E-D6EE6735BE1C}.Release|Any CPU.ActiveCfg = Release|Any CPU
		{2C4169CB-1DDF-4600-A51E-D6EE6735BE1C}.Release|Any CPU.Build.0 = Release|Any CPU
	EndGlobalSection
	GlobalSection(SolutionProperties) = preSolution
		HideSolutionNode = FALSE
	EndGlobalSection
EndGlobal
